
Microsoft Visual Studio Solution File, Format Version 12.00
# Visual Studio 2013
VisualStudioVersion = 12.0.30501.0
MinimumVisualStudioVersion = 10.0.40219.1
Project("{FAE04EC0-301F-11D3-BF4B-00C04F79EFBC}") = "Sattelizer", "Sattelizer\Sattelizer.csproj", "{D3097759-7F05-454F-AD2C-16648576DA5A}"
EndProject
Project("{FAE04EC0-301F-11D3-BF4B-00C04F79EFBC}") = "Sattelizer.Tests", "Sattelizer.Tests\Sattelizer.Tests.csproj", "{AB38EC7C-85C6-48D0-B4FF-FCD2FB1E6FEA}"
EndProject
Global
	GlobalSection(SolutionConfigurationPlatforms) = preSolution
		Debug|Any CPU = Debug|Any CPU
		Release|Any CPU = Release|Any CPU
	EndGlobalSection
	GlobalSection(ProjectConfigurationPlatforms) = postSolution
		{D3097759-7F05-454F-AD2C-16648576DA5A}.Debug|Any CPU.ActiveCfg = Debug|Any CPU
		{D3097759-7F05-454F-AD2C-16648576DA5A}.Debug|Any CPU.Build.0 = Debug|Any CPU
		{D3097759-7F05-454F-AD2C-16648576DA5A}.Release|Any CPU.ActiveCfg = Release|Any CPU
		{D3097759-7F05-454F-AD2C-16648576DA5A}.Release|Any CPU.Build.0 = Release|Any CPU
		{AB38EC7C-85C6-48D0-B4FF-FCD2FB1E6FEA}.Debug|Any CPU.ActiveCfg = Debug|Any CPU
		{AB38EC7C-85C6-48D0-B4FF-FCD2FB1E6FEA}.Debug|Any CPU.Build.0 = Debug|Any CPU
		{AB38EC7C-85C6-48D0-B4FF-FCD2FB1E6FEA}.Release|Any CPU.ActiveCfg = Release|Any CPU
		{AB38EC7C-85C6-48D0-B4FF-FCD2FB1E6FEA}.Release|Any CPU.Build.0 = Release|Any CPU
	EndGlobalSection
	GlobalSection(SolutionProperties) = preSolution
		HideSolutionNode = FALSE
	EndGlobalSection
EndGlobal
